// !$*UTF8*$!
{
	archiveVersion = 1;
	classes = {
	};
	objectVersion = 48;
	objects = {

/* Begin PBXBuildFile section */
		A7D755BA1F95B711005787CE /* AppDelegate.swift in Sources */ = {isa = PBXBuildFile; fileRef = A7D755B91F95B711005787CE /* AppDelegate.swift */; };
		A7D755BF1F95B711005787CE /* Main.storyboard in Resources */ = {isa = PBXBuildFile; fileRef = A7D755BD1F95B711005787CE /* Main.storyboard */; };
		A7D755C11F95B711005787CE /* Assets.xcassets in Resources */ = {isa = PBXBuildFile; fileRef = A7D755C01F95B711005787CE /* Assets.xcassets */; };
		A7D755C41F95B711005787CE /* LaunchScreen.storyboard in Resources */ = {isa = PBXBuildFile; fileRef = A7D755C21F95B711005787CE /* LaunchScreen.storyboard */; };
		A7D755CF1F95B711005787CE /* ColorsTests.swift in Sources */ = {isa = PBXBuildFile; fileRef = A7D755CE1F95B711005787CE /* ColorsTests.swift */; };
		A7D755DA1F95B711005787CE /* ColorsUITests.swift in Sources */ = {isa = PBXBuildFile; fileRef = A7D755D91F95B711005787CE /* ColorsUITests.swift */; };
		A7D755E81F95B7C1005787CE /* ColorsViewController.swift in Sources */ = {isa = PBXBuildFile; fileRef = A7D755E71F95B7C1005787CE /* ColorsViewController.swift */; };
/* End PBXBuildFile section */

/* Begin PBXContainerItemProxy section */
		A7D755CB1F95B711005787CE /* PBXContainerItemProxy */ = {
			isa = PBXContainerItemProxy;
			containerPortal = A7D755AE1F95B711005787CE /* Project object */;
			proxyType = 1;
			remoteGlobalIDString = A7D755B51F95B711005787CE;
			remoteInfo = Colors;
		};
		A7D755D61F95B711005787CE /* PBXContainerItemProxy */ = {
			isa = PBXContainerItemProxy;
			containerPortal = A7D755AE1F95B711005787CE /* Project object */;
			proxyType = 1;
			remoteGlobalIDString = A7D755B51F95B711005787CE;
			remoteInfo = Colors;
		};
/* End PBXContainerItemProxy section */

/* Begin PBXFileReference section */
		A7D755B61F95B711005787CE /* Colors.app */ = {isa = PBXFileReference; explicitFileType = wrapper.application; includeInIndex = 0; path = Colors.app; sourceTree = BUILT_PRODUCTS_DIR; };
		A7D755B91F95B711005787CE /* AppDelegate.swift */ = {isa = PBXFileReference; lastKnownFileType = sourcecode.swift; path = AppDelegate.swift; sourceTree = "<group>"; };
		A7D755BE1F95B711005787CE /* Base */ = {isa = PBXFileReference; lastKnownFileType = file.storyboard; name = Base; path = Base.lproj/Main.storyboard; sourceTree = "<group>"; };
		A7D755C01F95B711005787CE /* Assets.xcassets */ = {isa = PBXFileReference; lastKnownFileType = folder.assetcatalog; path = Assets.xcassets; sourceTree = "<group>"; };
		A7D755C31F95B711005787CE /* Base */ = {isa = PBXFileReference; lastKnownFileType = file.storyboard; name = Base; path = Base.lproj/LaunchScreen.storyboard; sourceTree = "<group>"; };
		A7D755C51F95B711005787CE /* Info.plist */ = {isa = PBXFileReference; lastKnownFileType = text.plist.xml; path = Info.plist; sourceTree = "<group>"; };
		A7D755CA1F95B711005787CE /* ColorsTests.xctest */ = {isa = PBXFileReference; explicitFileType = wrapper.cfbundle; includeInIndex = 0; path = ColorsTests.xctest; sourceTree = BUILT_PRODUCTS_DIR; };
		A7D755CE1F95B711005787CE /* ColorsTests.swift */ = {isa = PBXFileReference; lastKnownFileType = sourcecode.swift; path = ColorsTests.swift; sourceTree = "<group>"; };
		A7D755D01F95B711005787CE /* Info.plist */ = {isa = PBXFileReference; lastKnownFileType = text.plist.xml; path = Info.plist; sourceTree = "<group>"; };
		A7D755D51F95B711005787CE /* ColorsUITests.xctest */ = {isa = PBXFileReference; explicitFileType = wrapper.cfbundle; includeInIndex = 0; path = ColorsUITests.xctest; sourceTree = BUILT_PRODUCTS_DIR; };
		A7D755D91F95B711005787CE /* ColorsUITests.swift */ = {isa = PBXFileReference; lastKnownFileType = sourcecode.swift; path = ColorsUITests.swift; sourceTree = "<group>"; };
		A7D755DB1F95B711005787CE /* Info.plist */ = {isa = PBXFileReference; lastKnownFileType = text.plist.xml; path = Info.plist; sourceTree = "<group>"; };
		A7D755E71F95B7C1005787CE /* ColorsViewController.swift */ = {isa = PBXFileReference; lastKnownFileType = sourcecode.swift; path = ColorsViewController.swift; sourceTree = "<group>"; };
/* End PBXFileReference section */

/* Begin PBXFrameworksBuildPhase section */
		A7D755B31F95B711005787CE /* Frameworks */ = {
			isa = PBXFrameworksBuildPhase;
			buildActionMask = 2147483647;
			files = (
			);
			runOnlyForDeploymentPostprocessing = 0;
		};
		A7D755C71F95B711005787CE /* Frameworks */ = {
			isa = PBXFrameworksBuildPhase;
			buildActionMask = 2147483647;
			files = (
			);
			runOnlyForDeploymentPostprocessing = 0;
		};
		A7D755D21F95B711005787CE /* Frameworks */ = {
			isa = PBXFrameworksBuildPhase;
			buildActionMask = 2147483647;
			files = (
			);
			runOnlyForDeploymentPostprocessing = 0;
		};
/* End PBXFrameworksBuildPhase section */

/* Begin PBXGroup section */
		A7D755AD1F95B711005787CE = {
			isa = PBXGroup;
			children = (
				A7D755B81F95B711005787CE /* Colors */,
				A7D755CD1F95B711005787CE /* ColorsTests */,
				A7D755D81F95B711005787CE /* ColorsUITests */,
				A7D755B71F95B711005787CE /* Products */,
			);
			sourceTree = "<group>";
		};
		A7D755B71F95B711005787CE /* Products */ = {
			isa = PBXGroup;
			children = (
				A7D755B61F95B711005787CE /* Colors.app */,
				A7D755CA1F95B711005787CE /* ColorsTests.xctest */,
				A7D755D51F95B711005787CE /* ColorsUITests.xctest */,
			);
			name = Products;
			sourceTree = "<group>";
		};
		A7D755B81F95B711005787CE /* Colors */ = {
			isa = PBXGroup;
			children = (
				A7D755B91F95B711005787CE /* AppDelegate.swift */,
				A7D755BD1F95B711005787CE /* Main.storyboard */,
				A7D755C01F95B711005787CE /* Assets.xcassets */,
				A7D755C21F95B711005787CE /* LaunchScreen.storyboard */,
				A7D755C51F95B711005787CE /* Info.plist */,
				A7D755E71F95B7C1005787CE /* ColorsViewController.swift */,
			);
			path = Colors;
			sourceTree = "<group>";
		};
		A7D755CD1F95B711005787CE /* ColorsTests */ = {
			isa = PBXGroup;
			children = (
				A7D755CE1F95B711005787CE /* ColorsTests.swift */,
				A7D755D01F95B711005787CE /* Info.plist */,
			);
			path = ColorsTests;
			sourceTree = "<group>";
		};
		A7D755D81F95B711005787CE /* ColorsUITests */ = {
			isa = PBXGroup;
			children = (
				A7D755D91F95B711005787CE /* ColorsUITests.swift */,
				A7D755DB1F95B711005787CE /* Info.plist */,
			);
			path = ColorsUITests;
			sourceTree = "<group>";
		};
/* End PBXGroup section */

/* Begin PBXNativeTarget section */
		A7D755B51F95B711005787CE /* Colors */ = {
			isa = PBXNativeTarget;
			buildConfigurationList = A7D755DE1F95B711005787CE /* Build configuration list for PBXNativeTarget "Colors" */;
			buildPhases = (
				A7D755B21F95B711005787CE /* Sources */,
				A7D755B31F95B711005787CE /* Frameworks */,
				A7D755B41F95B711005787CE /* Resources */,
			);
			buildRules = (
			);
			dependencies = (
			);
			name = Colors;
			productName = Colors;
			productReference = A7D755B61F95B711005787CE /* Colors.app */;
			productType = "com.apple.product-type.application";
		};
		A7D755C91F95B711005787CE /* ColorsTests */ = {
			isa = PBXNativeTarget;
			buildConfigurationList = A7D755E11F95B711005787CE /* Build configuration list for PBXNativeTarget "ColorsTests" */;
			buildPhases = (
				A7D755C61F95B711005787CE /* Sources */,
				A7D755C71F95B711005787CE /* Frameworks */,
				A7D755C81F95B711005787CE /* Resources */,
			);
			buildRules = (
			);
			dependencies = (
				A7D755CC1F95B711005787CE /* PBXTargetDependency */,
			);
			name = ColorsTests;
			productName = ColorsTests;
			productReference = A7D755CA1F95B711005787CE /* ColorsTests.xctest */;
			productType = "com.apple.product-type.bundle.unit-test";
		};
		A7D755D41F95B711005787CE /* ColorsUITests */ = {
			isa = PBXNativeTarget;
			buildConfigurationList = A7D755E41F95B711005787CE /* Build configuration list for PBXNativeTarget "ColorsUITests" */;
			buildPhases = (
				A7D755D11F95B711005787CE /* Sources */,
				A7D755D21F95B711005787CE /* Frameworks */,
				A7D755D31F95B711005787CE /* Resources */,
			);
			buildRules = (
			);
			dependencies = (
				A7D755D71F95B711005787CE /* PBXTargetDependency */,
			);
			name = ColorsUITests;
			productName = ColorsUITests;
			productReference = A7D755D51F95B711005787CE /* ColorsUITests.xctest */;
			productType = "com.apple.product-type.bundle.ui-testing";
		};
/* End PBXNativeTarget section */

/* Begin PBXProject section */
		A7D755AE1F95B711005787CE /* Project object */ = {
			isa = PBXProject;
			attributes = {
				LastSwiftUpdateCheck = 0900;
				LastUpgradeCheck = 0900;
				ORGANIZATIONNAME = "tech innovator";
				TargetAttributes = {
					A7D755B51F95B711005787CE = {
						CreatedOnToolsVersion = 9.0.1;
						ProvisioningStyle = Automatic;
					};
					A7D755C91F95B711005787CE = {
						CreatedOnToolsVersion = 9.0.1;
						ProvisioningStyle = Automatic;
						TestTargetID = A7D755B51F95B711005787CE;
					};
					A7D755D41F95B711005787CE = {
						CreatedOnToolsVersion = 9.0.1;
						ProvisioningStyle = Automatic;
						TestTargetID = A7D755B51F95B711005787CE;
					};
				};
			};
			buildConfigurationList = A7D755B11F95B711005787CE /* Build configuration list for PBXProject "Colors" */;
			compatibilityVersion = "Xcode 8.0";
			developmentRegion = en;
			hasScannedForEncodings = 0;
			knownRegions = (
				en,
				Base,
			);
			mainGroup = A7D755AD1F95B711005787CE;
			productRefGroup = A7D755B71F95B711005787CE /* Products */;
			projectDirPath = "";
			projectRoot = "";
			targets = (
				A7D755B51F95B711005787CE /* Colors */,
				A7D755C91F95B711005787CE /* ColorsTests */,
				A7D755D41F95B711005787CE /* ColorsUITests */,
			);
		};
/* End PBXProject section */

/* Begin PBXResourcesBuildPhase section */
		A7D755B41F95B711005787CE /* Resources */ = {
			isa = PBXResourcesBuildPhase;
			buildActionMask = 2147483647;
			files = (
				A7D755C41F95B711005787CE /* LaunchScreen.storyboard in Resources */,
				A7D755C11F95B711005787CE /* Assets.xcassets in Resources */,
				A7D755BF1F95B711005787CE /* Main.storyboard in Resources */,
			);
			runOnlyForDeploymentPostprocessing = 0;
		};
		A7D755C81F95B711005787CE /* Resources */ = {
			isa = PBXResourcesBuildPhase;
			buildActionMask = 2147483647;
			files = (
			);
			runOnlyForDeploymentPostprocessing = 0;
		};
		A7D755D31F95B711005787CE /* Resources */ = {
			isa = PBXResourcesBuildPhase;
			buildActionMask = 2147483647;
			files = (
			);
			runOnlyForDeploymentPostprocessing = 0;
		};
/* End PBXResourcesBuildPhase section */

/* Begin PBXSourcesBuildPhase section */
		A7D755B21F95B711005787CE /* Sources */ = {
			isa = PBXSourcesBuildPhase;
			buildActionMask = 2147483647;
			files = (
				A7D755E81F95B7C1005787CE /* ColorsViewController.swift in Sources */,
				A7D755BA1F95B711005787CE /* AppDelegate.swift in Sources */,
			);
			runOnlyForDeploymentPostprocessing = 0;
		};
		A7D755C61F95B711005787CE /* Sources */ = {
			isa = PBXSourcesBuildPhase;
			buildActionMask = 2147483647;
			files = (
				A7D755CF1F95B711005787CE /* ColorsTests.swift in Sources */,
			);
			runOnlyForDeploymentPostprocessing = 0;
		};
		A7D755D11F95B711005787CE /* Sources */ = {
			isa = PBXSourcesBuildPhase;
			buildActionMask = 2147483647;
			files = (
				A7D755DA1F95B711005787CE /* ColorsUITests.swift in Sources */,
			);
			runOnlyForDeploymentPostprocessing = 0;
		};
/* End PBXSourcesBuildPhase section */

/* Begin PBXTargetDependency section */
		A7D755CC1F95B711005787CE /* PBXTargetDependency */ = {
			isa = PBXTargetDependency;
			target = A7D755B51F95B711005787CE /* Colors */;
			targetProxy = A7D755CB1F95B711005787CE /* PBXContainerItemProxy */;
		};
		A7D755D71F95B711005787CE /* PBXTargetDependency */ = {
			isa = PBXTargetDependency;
			target = A7D755B51F95B711005787CE /* Colors */;
			targetProxy = A7D755D61F95B711005787CE /* PBXContainerItemProxy */;
		};
/* End PBXTargetDependency section */

/* Begin PBXVariantGroup section */
		A7D755BD1F95B711005787CE /* Main.storyboard */ = {
			isa = PBXVariantGroup;
			children = (
				A7D755BE1F95B711005787CE /* Base */,
			);
			name = Main.storyboard;
			sourceTree = "<group>";
		};
		A7D755C21F95B711005787CE /* LaunchScreen.storyboard */ = {
			isa = PBXVariantGroup;
			children = (
				A7D755C31F95B711005787CE /* Base */,
			);
			name = LaunchScreen.storyboard;
			sourceTree = "<group>";
		};
/* End PBXVariantGroup section */

/* Begin XCBuildConfiguration section */
		A7D755DC1F95B711005787CE /* Debug */ = {
			isa = XCBuildConfiguration;
			buildSettings = {
				ALWAYS_SEARCH_USER_PATHS = NO;
				CLANG_ANALYZER_NONNULL = YES;
				CLANG_ANALYZER_NUMBER_OBJECT_CONVERSION = YES_AGGRESSIVE;
				CLANG_CXX_LANGUAGE_STANDARD = "gnu++14";
				CLANG_CXX_LIBRARY = "libc++";
				CLANG_ENABLE_MODULES = YES;
				CLANG_ENABLE_OBJC_ARC = YES;
				CLANG_WARN_BLOCK_CAPTURE_AUTORELEASING = YES;
				CLANG_WARN_BOOL_CONVERSION = YES;
				CLANG_WARN_COMMA = YES;
				CLANG_WARN_CONSTANT_CONVERSION = YES;
				CLANG_WARN_DIRECT_OBJC_ISA_USAGE = YES_ERROR;
				CLANG_WARN_DOCUMENTATION_COMMENTS = YES;
				CLANG_WARN_EMPTY_BODY = YES;
				CLANG_WARN_ENUM_CONVERSION = YES;
				CLANG_WARN_INFINITE_RECURSION = YES;
				CLANG_WARN_INT_CONVERSION = YES;
				CLANG_WARN_NON_LITERAL_NULL_CONVERSION = YES;
				CLANG_WARN_OBJC_LITERAL_CONVERSION = YES;
				CLANG_WARN_OBJC_ROOT_CLASS = YES_ERROR;
				CLANG_WARN_RANGE_LOOP_ANALYSIS = YES;
				CLANG_WARN_STRICT_PROTOTYPES = YES;
				CLANG_WARN_SUSPICIOUS_MOVE = YES;
				CLANG_WARN_UNGUARDED_AVAILABILITY = YES_AGGRESSIVE;
				CLANG_WARN_UNREACHABLE_CODE = YES;
				CLANG_WARN__DUPLICATE_METHOD_MATCH = YES;
				CODE_SIGN_IDENTITY = "iPhone Developer";
				COPY_PHASE_STRIP = NO;
				DEBUG_INFORMATION_FORMAT = dwarf;
				ENABLE_STRICT_OBJC_MSGSEND = YES;
				ENABLE_TESTABILITY = YES;
				GCC_C_LANGUAGE_STANDARD = gnu11;
				GCC_DYNAMIC_NO_PIC = NO;
				GCC_NO_COMMON_BLOCKS = YES;
				GCC_OPTIMIZATION_LEVEL = 0;
				GCC_PREPROCESSOR_DEFINITIONS = (
					"DEBUG=1",
					"$(inherited)",
				);
				GCC_WARN_64_TO_32_BIT_CONVERSION = YES;
				GCC_WARN_ABOUT_RETURN_TYPE = YES_ERROR;
				GCC_WARN_UNDECLARED_SELECTOR = YES;
				GCC_WARN_UNINITIALIZED_AUTOS = YES_AGGRESSIVE;
				GCC_WARN_UNUSED_FUNCTION = YES;
				GCC_WARN_UNUSED_VARIABLE = YES;
				IPHONEOS_DEPLOYMENT_TARGET = 11.0;
				MTL_ENABLE_DEBUG_INFO = YES;
				ONLY_ACTIVE_ARCH = YES;
				SDKROOT = iphoneos;
				SWIFT_ACTIVE_COMPILATION_CONDITIONS = DEBUG;
				SWIFT_OPTIMIZATION_LEVEL = "-Onone";
			};
			name = Debug;
		};
		A7D755DD1F95B711005787CE /* Release */ = {
			isa = XCBuildConfiguration;
			buildSettings = {
				ALWAYS_SEARCH_USER_PATHS = NO;
				CLANG_ANALYZER_NONNULL = YES;
				CLANG_ANALYZER_NUMBER_OBJECT_CONVERSION = YES_AGGRESSIVE;
				CLANG_CXX_LANGUAGE_STANDARD = "gnu++14";
				CLANG_CXX_LIBRARY = "libc++";
				CLANG_ENABLE_MODULES = YES;
				CLANG_ENABLE_OBJC_ARC = YES;
				CLANG_WARN_BLOCK_CAPTURE_AUTORELEASING = YES;
				CLANG_WARN_BOOL_CONVERSION = YES;
				CLANG_WARN_COMMA = YES;
				CLANG_WARN_CONSTANT_CONVERSION = YES;
				CLANG_WARN_DIRECT_OBJC_ISA_USAGE = YES_ERROR;
				CLANG_WARN_DOCUMENTATION_COMMENTS = YES;
				CLANG_WARN_EMPTY_BODY = YES;
				CLANG_WARN_ENUM_CONVERSION = YES;
				CLANG_WARN_INFINITE_RECURSION = YES;
				CLANG_WARN_INT_CONVERSION = YES;
				CLANG_WARN_NON_LITERAL_NULL_CONVERSION = YES;
				CLANG_WARN_OBJC_LITERAL_CONVERSION = YES;
				CLANG_WARN_OBJC_ROOT_CLASS = YES_ERROR;
				CLANG_WARN_RANGE_LOOP_ANALYSIS = YES;
				CLANG_WARN_STRICT_PROTOTYPES = YES;
				CLANG_WARN_SUSPICIOUS_MOVE = YES;
				CLANG_WARN_UNGUARDED_AVAILABILITY = YES_AGGRESSIVE;
				CLANG_WARN_UNREACHABLE_CODE = YES;
				CLANG_WARN__DUPLICATE_METHOD_MATCH = YES;
				CODE_SIGN_IDENTITY = "iPhone Developer";
				COPY_PHASE_STRIP = NO;
				DEBUG_INFORMATION_FORMAT = "dwarf-with-dsym";
				ENABLE_NS_ASSERTIONS = NO;
				ENABLE_STRICT_OBJC_MSGSEND = YES;
				GCC_C_LANGUAGE_STANDARD = gnu11;
				GCC_NO_COMMON_BLOCKS = YES;
				GCC_WARN_64_TO_32_BIT_CONVERSION = YES;
				GCC_WARN_ABOUT_RETURN_TYPE = YES_ERROR;
				GCC_WARN_UNDECLARED_SELECTOR = YES;
				GCC_WARN_UNINITIALIZED_AUTOS = YES_AGGRESSIVE;
				GCC_WARN_UNUSED_FUNCTION = YES;
				GCC_WARN_UNUSED_VARIABLE = YES;
				IPHONEOS_DEPLOYMENT_TARGET = 11.0;
				MTL_ENABLE_DEBUG_INFO = NO;
				SDKROOT = iphoneos;
				SWIFT_OPTIMIZATION_LEVEL = "-Owholemodule";
				VALIDATE_PRODUCT = YES;
			};
			name = Release;
		};
		A7D755DF1F95B711005787CE /* Debug */ = {
			isa = XCBuildConfiguration;
			buildSettings = {
				ASSETCATALOG_COMPILER_APPICON_NAME = AppIcon;
				CODE_SIGN_STYLE = Automatic;
				DEVELOPMENT_TEAM = QS38Q4U59X;
				INFOPLIST_FILE = Colors/Info.plist;
				LD_RUNPATH_SEARCH_PATHS = "$(inherited) @executable_path/Frameworks";
				PRODUCT_BUNDLE_IDENTIFIER = "tech-innovator.Colors";
				PRODUCT_NAME = "$(TARGET_NAME)";
				SWIFT_VERSION = 4.0;
				TARGETED_DEVICE_FAMILY = "1,2";
			};
			name = Debug;
		};
		A7D755E01F95B711005787CE /* Release */ = {
			isa = XCBuildConfiguration;
			buildSettings = {
				ASSETCATALOG_COMPILER_APPICON_NAME = AppIcon;
				CODE_SIGN_STYLE = Automatic;
				DEVELOPMENT_TEAM = QS38Q4U59X;
				INFOPLIST_FILE = Colors/Info.plist;
				LD_RUNPATH_SEARCH_PATHS = "$(inherited) @executable_path/Frameworks";
				PRODUCT_BUNDLE_IDENTIFIER = "tech-innovator.Colors";
				PRODUCT_NAME = "$(TARGET_NAME)";
				SWIFT_VERSION = 4.0;
				TARGETED_DEVICE_FAMILY = "1,2";
			};
			name = Release;
		};
		A7D755E21F95B711005787CE /* Debug */ = {
			isa = XCBuildConfiguration;
			buildSettings = {
				ALWAYS_EMBED_SWIFT_STANDARD_LIBRARIES = YES;
				BUNDLE_LOADER = "$(TEST_HOST)";
				CODE_SIGN_STYLE = Automatic;
				DEVELOPMENT_TEAM = QS38Q4U59X;
				INFOPLIST_FILE = ColorsTests/Info.plist;
				LD_RUNPATH_SEARCH_PATHS = "$(inherited) @executable_path/Frameworks @loader_path/Frameworks";
				PRODUCT_BUNDLE_IDENTIFIER = "tech-innovator.ColorsTests";
				PRODUCT_NAME = "$(TARGET_NAME)";
				SWIFT_VERSION = 4.0;
				TARGETED_DEVICE_FAMILY = "1,2";
				TEST_HOST = "$(BUILT_PRODUCTS_DIR)/Colors.app/Colors";
			};
			name = Debug;
		};
		A7D755E31F95B711005787CE /* Release */ = {
			isa = XCBuildConfiguration;
			buildSettings = {
				ALWAYS_EMBED_SWIFT_STANDARD_LIBRARIES = YES;
				BUNDLE_LOADER = "$(TEST_HOST)";
				CODE_SIGN_STYLE = Automatic;
				DEVELOPMENT_TEAM = QS38Q4U59X;
				INFOPLIST_FILE = ColorsTests/Info.plist;
				LD_RUNPATH_SEARCH_PATHS = "$(inherited) @executable_path/Frameworks @loader_path/Frameworks";
				PRODUCT_BUNDLE_IDENTIFIER = "tech-innovator.ColorsTests";
				PRODUCT_NAME = "$(TARGET_NAME)";
				SWIFT_VERSION = 4.0;
				TARGETED_DEVICE_FAMILY = "1,2";
				TEST_HOST = "$(BUILT_PRODUCTS_DIR)/Colors.app/Colors";
			};
			name = Release;
		};
		A7D755E51F95B711005787CE /* Debug */ = {
			isa = XCBuildConfiguration;
			buildSettings = {
				ALWAYS_EMBED_SWIFT_STANDARD_LIBRARIES = YES;
				CODE_SIGN_STYLE = Automatic;
				DEVELOPMENT_TEAM = QS38Q4U59X;
				INFOPLIST_FILE = ColorsUITests/Info.plist;
				LD_RUNPATH_SEARCH_PATHS = "$(inherited) @executable_path/Frameworks @loader_path/Frameworks";
				PRODUCT_BUNDLE_IDENTIFIER = "tech-innovator.ColorsUITests";
				PRODUCT_NAME = "$(TARGET_NAME)";
				SWIFT_VERSION = 4.0;
				TARGETED_DEVICE_FAMILY = "1,2";
				TEST_TARGET_NAME = Colors;
			};
			name = Debug;
		};
		A7D755E61F95B711005787CE /* Release */ = {
			isa = XCBuildConfiguration;
			buildSettings = {
				ALWAYS_EMBED_SWIFT_STANDARD_LIBRARIES = YES;
				CODE_SIGN_STYLE = Automatic;
				DEVELOPMENT_TEAM = QS38Q4U59X;
				INFOPLIST_FILE = ColorsUITests/Info.plist;
				LD_RUNPATH_SEARCH_PATHS = "$(inherited) @executable_path/Frameworks @loader_path/Frameworks";
				PRODUCT_BUNDLE_IDENTIFIER = "tech-innovator.ColorsUITests";
				PRODUCT_NAME = "$(TARGET_NAME)";
				SWIFT_VERSION = 4.0;
				TARGETED_DEVICE_FAMILY = "1,2";
				TEST_TARGET_NAME = Colors;
			};
			name = Release;
		};
/* End XCBuildConfiguration section */

/* Begin XCConfigurationList section */
		A7D755B11F95B711005787CE /* Build configuration list for PBXProject "Colors" */ = {
			isa = XCConfigurationList;
			buildConfigurations = (
				A7D755DC1F95B711005787CE /* Debug */,
				A7D755DD1F95B711005787CE /* Release */,
			);
			defaultConfigurationIsVisible = 0;
			defaultConfigurationName = Release;
		};
		A7D755DE1F95B711005787CE /* Build configuration list for PBXNativeTarget "Colors" */ = {
			isa = XCConfigurationList;
			buildConfigurations = (
				A7D755DF1F95B711005787CE /* Debug */,
				A7D755E01F95B711005787CE /* Release */,
			);
			defaultConfigurationIsVisible = 0;
			defaultConfigurationName = Release;
		};
		A7D755E11F95B711005787CE /* Build configuration list for PBXNativeTarget "ColorsTests" */ = {
			isa = XCConfigurationList;
			buildConfigurations = (
				A7D755E21F95B711005787CE /* Debug */,
				A7D755E31F95B711005787CE /* Release */,
			);
			defaultConfigurationIsVisible = 0;
			defaultConfigurationName = Release;
		};
		A7D755E41F95B711005787CE /* Build configuration list for PBXNativeTarget "ColorsUITests" */ = {
			isa = XCConfigurationList;
			buildConfigurations = (
				A7D755E51F95B711005787CE /* Debug */,
				A7D755E61F95B711005787CE /* Release */,
			);
			defaultConfigurationIsVisible = 0;
			defaultConfigurationName = Release;
		};
/* End XCConfigurationList section */
	};
	rootObject = A7D755AE1F95B711005787CE /* Project object */;
}
